
Microsoft Visual Studio Solution File, Format Version 12.00
# Visual Studio Version 17
VisualStudioVersion = 17.5.33424.131
MinimumVisualStudioVersion = 10.0.40219.1
Project("{9A19103F-16F7-4668-BE54-9A1E7A4F7556}") = "MiniJParser", "MiniJParser\MiniJParser.csproj", "{C974CDDF-DB3D-4D0D-885C-530D229AB7B7}"
EndProject
Global
	GlobalSection(SolutionConfigurationPlatforms) = preSolution
		Debug|Any CPU = Debug|Any CPU
		Release|Any CPU = Release|Any CPU
	EndGlobalSection
	GlobalSection(ProjectConfigurationPlatforms) = postSolution
		{C974CDDF-DB3D-4D0D-885C-530D229AB7B7}.Debug|Any CPU.ActiveCfg = Debug|Any CPU
		{C974CDDF-DB3D-4D0D-885C-530D229AB7B7}.Debug|Any CPU.Build.0 = Debug|Any CPU
		{C974CDDF-DB3D-4D0D-885C-530D229AB7B7}.Release|Any CPU.ActiveCfg = Release|Any CPU
		{C974CDDF-DB3D-4D0D-885C-530D229AB7B7}.Release|Any CPU.Build.0 = Release|Any CPU
	EndGlobalSection
	GlobalSection(SolutionProperties) = preSolution
		HideSolutionNode = FALSE
	EndGlobalSection
	GlobalSection(ExtensibilityGlobals) = postSolution
		SolutionGuid = {31E096D6-A947-4B68-9C68-F6D6B0F1F334}
	EndGlobalSection
EndGlobal
